
Microsoft Visual Studio Solution File, Format Version 12.00
# Visual Studio 2012
Project("{FAE04EC0-301F-11D3-BF4B-00C04F79EFBC}") = "ChevLoc", "ChevLoc\ChevLoc.csproj", "{BA46F390-039C-486C-AFD6-667A35526252}"
EndProject
Project("{2150E333-8FDC-42A3-9474-1A3956D46DE8}") = "Solution Items", "Solution Items", "{A94BD14A-89C0-4187-B0A1-F1CF8D6E180B}"
EndProject
Global
	GlobalSection(SolutionConfigurationPlatforms) = preSolution
		Debug|Any CPU = Debug|Any CPU
		Release|Any CPU = Release|Any CPU
	EndGlobalSection
	GlobalSection(ProjectConfigurationPlatforms) = postSolution
		{BA46F390-039C-486C-AFD6-667A35526252}.Debug|Any CPU.ActiveCfg = Debug|Any CPU
		{BA46F390-039C-486C-AFD6-667A35526252}.Debug|Any CPU.Build.0 = Debug|Any CPU
		{BA46F390-039C-486C-AFD6-667A35526252}.Release|Any CPU.ActiveCfg = Release|Any CPU
		{BA46F390-039C-486C-AFD6-667A35526252}.Release|Any CPU.Build.0 = Release|Any CPU
	EndGlobalSection
	GlobalSection(SolutionProperties) = preSolution
		HideSolutionNode = FALSE
	EndGlobalSection
EndGlobal
